
Microsoft Visual Studio Solution File, Format Version 12.00
# Visual Studio Version 17
VisualStudioVersion = 17.12.35527.113
MinimumVisualStudioVersion = 10.0.40219.1
Project("{FAE04EC0-301F-11D3-BF4B-00C04F79EFBC}") = "IMS-CONNECT.Server", "IMS-CONNECT.Server\IMS-CONNECT.Server.csproj", "{3F4FEABF-46A9-462F-911D-886A105E4816}"
EndProject
Project("{54A90642-561A-4BB1-A94E-469ADEE60C69}") = "ims-connect.client", "ims-connect.client\ims-connect.client.esproj", "{455A1D22-EFF6-485A-A60D-A545937ABFAB}"
EndProject
Project("{2150E333-8FDC-42A3-9474-1A3956D46DE8}") = "ClientApp", "ClientApp", "{69A4362A-75D6-4B26-B10F-701A1B6D10E2}"
EndProject
Project("{2150E333-8FDC-42A3-9474-1A3956D46DE8}") = "public", "public", "{63B4C454-C897-467D-ABC9-FCC2CAFE3703}"
EndProject
Project("{2150E333-8FDC-42A3-9474-1A3956D46DE8}") = "src", "src", "{694C46B6-69FB-42FB-87E1-CFBF548440A0}"
	ProjectSection(SolutionItems) = preProject
		App.js = App.js
	EndProjectSection
EndProject
Project("{2150E333-8FDC-42A3-9474-1A3956D46DE8}") = "components", "components", "{3F9293DE-5AE7-416F-B6A5-14478F3C5216}"
EndProject
Global
	GlobalSection(SolutionConfigurationPlatforms) = preSolution
		Debug|Any CPU = Debug|Any CPU
		Release|Any CPU = Release|Any CPU
	EndGlobalSection
	GlobalSection(ProjectConfigurationPlatforms) = postSolution
		{3F4FEABF-46A9-462F-911D-886A105E4816}.Debug|Any CPU.ActiveCfg = Debug|Any CPU
		{3F4FEABF-46A9-462F-911D-886A105E4816}.Debug|Any CPU.Build.0 = Debug|Any CPU
		{3F4FEABF-46A9-462F-911D-886A105E4816}.Release|Any CPU.ActiveCfg = Release|Any CPU
		{3F4FEABF-46A9-462F-911D-886A105E4816}.Release|Any CPU.Build.0 = Release|Any CPU
		{455A1D22-EFF6-485A-A60D-A545937ABFAB}.Debug|Any CPU.ActiveCfg = Debug|Any CPU
		{455A1D22-EFF6-485A-A60D-A545937ABFAB}.Debug|Any CPU.Build.0 = Debug|Any CPU
		{455A1D22-EFF6-485A-A60D-A545937ABFAB}.Debug|Any CPU.Deploy.0 = Debug|Any CPU
		{455A1D22-EFF6-485A-A60D-A545937ABFAB}.Release|Any CPU.ActiveCfg = Release|Any CPU
		{455A1D22-EFF6-485A-A60D-A545937ABFAB}.Release|Any CPU.Build.0 = Release|Any CPU
		{455A1D22-EFF6-485A-A60D-A545937ABFAB}.Release|Any CPU.Deploy.0 = Release|Any CPU
	EndGlobalSection
	GlobalSection(SolutionProperties) = preSolution
		HideSolutionNode = FALSE
	EndGlobalSection
	GlobalSection(NestedProjects) = preSolution
		{63B4C454-C897-467D-ABC9-FCC2CAFE3703} = {69A4362A-75D6-4B26-B10F-701A1B6D10E2}
		{694C46B6-69FB-42FB-87E1-CFBF548440A0} = {69A4362A-75D6-4B26-B10F-701A1B6D10E2}
		{3F9293DE-5AE7-416F-B6A5-14478F3C5216} = {694C46B6-69FB-42FB-87E1-CFBF548440A0}
	EndGlobalSection
EndGlobal
